// !$*UTF8*$!
{
	archiveVersion = 1;
	classes = {
	};
	objectVersion = 50;
	objects = {

/* Begin PBXBuildFile section */
		09E4E24F282BEC6300FBA86D /* AppDelegate.swift in Sources */ = {isa = PBXBuildFile; fileRef = 09E4E24E282BEC6300FBA86D /* AppDelegate.swift */; };
		09E4E251282BEC6300FBA86D /* SceneDelegate.swift in Sources */ = {isa = PBXBuildFile; fileRef = 09E4E250282BEC6300FBA86D /* SceneDelegate.swift */; };
		09E4E253282BEC6300FBA86D /* SportsViewController.swift in Sources */ = {isa = PBXBuildFile; fileRef = 09E4E252282BEC6300FBA86D /* SportsViewController.swift */; };
		09E4E256282BEC6300FBA86D /* Main.storyboard in Resources */ = {isa = PBXBuildFile; fileRef = 09E4E254282BEC6300FBA86D /* Main.storyboard */; };
		09E4E259282BEC6300FBA86D /* SportsApplication.xcdatamodeld in Sources */ = {isa = PBXBuildFile; fileRef = 09E4E257282BEC6300FBA86D /* SportsApplication.xcdatamodeld */; };
		09E4E25B282BEC7300FBA86D /* Assets.xcassets in Resources */ = {isa = PBXBuildFile; fileRef = 09E4E25A282BEC7300FBA86D /* Assets.xcassets */; };
		09E4E25E282BEC7400FBA86D /* LaunchScreen.storyboard in Resources */ = {isa = PBXBuildFile; fileRef = 09E4E25C282BEC7400FBA86D /* LaunchScreen.storyboard */; };
		09E4E269282BEC7400FBA86D /* SportsApplicationTests.swift in Sources */ = {isa = PBXBuildFile; fileRef = 09E4E268282BEC7400FBA86D /* SportsApplicationTests.swift */; };
		1EC8369D9A1A2F6ACAC64D4C /* Pods_SportsApplication.framework in Frameworks */ = {isa = PBXBuildFile; fileRef = 6FC8D74BF0542678A82DB163 /* Pods_SportsApplication.framework */; };
		A0CF1C88282C45A000E3D633 /* SportsPresenter.swift in Sources */ = {isa = PBXBuildFile; fileRef = A0CF1C87282C45A000E3D633 /* SportsPresenter.swift */; };
		A0CF1C8D282C52ED00E3D633 /* CollectionViewCell.swift in Sources */ = {isa = PBXBuildFile; fileRef = A0CF1C8C282C52ED00E3D633 /* CollectionViewCell.swift */; };
		F7008F51460485BF7B36A942 /* Pods_SportsApplicationTests.framework in Frameworks */ = {isa = PBXBuildFile; fileRef = DC027CF13B95ED6C7CD10E1B /* Pods_SportsApplicationTests.framework */; };
/* End PBXBuildFile section */

/* Begin PBXContainerItemProxy section */
		09E4E265282BEC7400FBA86D /* PBXContainerItemProxy */ = {
			isa = PBXContainerItemProxy;
			containerPortal = 09E4E243282BEC6300FBA86D /* Project object */;
			proxyType = 1;
			remoteGlobalIDString = 09E4E24A282BEC6300FBA86D;
			remoteInfo = SportsApplication;
		};
/* End PBXContainerItemProxy section */

/* Begin PBXFileReference section */
		09E4E24B282BEC6300FBA86D /* SportsApplication.app */ = {isa = PBXFileReference; explicitFileType = wrapper.application; includeInIndex = 0; path = SportsApplication.app; sourceTree = BUILT_PRODUCTS_DIR; };
		09E4E24E282BEC6300FBA86D /* AppDelegate.swift */ = {isa = PBXFileReference; lastKnownFileType = sourcecode.swift; path = AppDelegate.swift; sourceTree = "<group>"; };
		09E4E250282BEC6300FBA86D /* SceneDelegate.swift */ = {isa = PBXFileReference; lastKnownFileType = sourcecode.swift; path = SceneDelegate.swift; sourceTree = "<group>"; };
		09E4E252282BEC6300FBA86D /* SportsViewController.swift */ = {isa = PBXFileReference; lastKnownFileType = sourcecode.swift; path = SportsViewController.swift; sourceTree = "<group>"; };
		09E4E255282BEC6300FBA86D /* Base */ = {isa = PBXFileReference; lastKnownFileType = file.storyboard; name = Base; path = Base.lproj/Main.storyboard; sourceTree = "<group>"; };
		09E4E258282BEC6300FBA86D /* SportsApplication.xcdatamodel */ = {isa = PBXFileReference; lastKnownFileType = wrapper.xcdatamodel; path = SportsApplication.xcdatamodel; sourceTree = "<group>"; };
		09E4E25A282BEC7300FBA86D /* Assets.xcassets */ = {isa = PBXFileReference; lastKnownFileType = folder.assetcatalog; path = Assets.xcassets; sourceTree = "<group>"; };
		09E4E25D282BEC7400FBA86D /* Base */ = {isa = PBXFileReference; lastKnownFileType = file.storyboard; name = Base; path = Base.lproj/LaunchScreen.storyboard; sourceTree = "<group>"; };
		09E4E25F282BEC7400FBA86D /* Info.plist */ = {isa = PBXFileReference; lastKnownFileType = text.plist.xml; path = Info.plist; sourceTree = "<group>"; };
		09E4E264282BEC7400FBA86D /* SportsApplicationTests.xctest */ = {isa = PBXFileReference; explicitFileType = wrapper.cfbundle; includeInIndex = 0; path = SportsApplicationTests.xctest; sourceTree = BUILT_PRODUCTS_DIR; };
		09E4E268282BEC7400FBA86D /* SportsApplicationTests.swift */ = {isa = PBXFileReference; lastKnownFileType = sourcecode.swift; path = SportsApplicationTests.swift; sourceTree = "<group>"; };
		09E4E26A282BEC7400FBA86D /* Info.plist */ = {isa = PBXFileReference; lastKnownFileType = text.plist.xml; path = Info.plist; sourceTree = "<group>"; };
		3EDA258EDE184A7C75972352 /* Pods-SportsApplication.release.xcconfig */ = {isa = PBXFileReference; includeInIndex = 1; lastKnownFileType = text.xcconfig; name = "Pods-SportsApplication.release.xcconfig"; path = "Target Support Files/Pods-SportsApplication/Pods-SportsApplication.release.xcconfig"; sourceTree = "<group>"; };
		6FC8D74BF0542678A82DB163 /* Pods_SportsApplication.framework */ = {isa = PBXFileReference; explicitFileType = wrapper.framework; includeInIndex = 0; path = Pods_SportsApplication.framework; sourceTree = BUILT_PRODUCTS_DIR; };
		70F4C4E4E49480EBEBFA08DD /* Pods-SportsApplication.debug.xcconfig */ = {isa = PBXFileReference; includeInIndex = 1; lastKnownFileType = text.xcconfig; name = "Pods-SportsApplication.debug.xcconfig"; path = "Target Support Files/Pods-SportsApplication/Pods-SportsApplication.debug.xcconfig"; sourceTree = "<group>"; };
		A0CF1C87282C45A000E3D633 /* SportsPresenter.swift */ = {isa = PBXFileReference; lastKnownFileType = sourcecode.swift; path = SportsPresenter.swift; sourceTree = "<group>"; };
		A0CF1C8C282C52ED00E3D633 /* CollectionViewCell.swift */ = {isa = PBXFileReference; lastKnownFileType = sourcecode.swift; path = CollectionViewCell.swift; sourceTree = "<group>"; };
		D089B0CF6B9F89BB3AB12174 /* Pods-SportsApplicationTests.debug.xcconfig */ = {isa = PBXFileReference; includeInIndex = 1; lastKnownFileType = text.xcconfig; name = "Pods-SportsApplicationTests.debug.xcconfig"; path = "Target Support Files/Pods-SportsApplicationTests/Pods-SportsApplicationTests.debug.xcconfig"; sourceTree = "<group>"; };
		DC027CF13B95ED6C7CD10E1B /* Pods_SportsApplicationTests.framework */ = {isa = PBXFileReference; explicitFileType = wrapper.framework; includeInIndex = 0; path = Pods_SportsApplicationTests.framework; sourceTree = BUILT_PRODUCTS_DIR; };
		E9F1535AE4336CA69BFCFE32 /* Pods-SportsApplicationTests.release.xcconfig */ = {isa = PBXFileReference; includeInIndex = 1; lastKnownFileType = text.xcconfig; name = "Pods-SportsApplicationTests.release.xcconfig"; path = "Target Support Files/Pods-SportsApplicationTests/Pods-SportsApplicationTests.release.xcconfig"; sourceTree = "<group>"; };
/* End PBXFileReference section */

/* Begin PBXFrameworksBuildPhase section */
		09E4E248282BEC6300FBA86D /* Frameworks */ = {
			isa = PBXFrameworksBuildPhase;
			buildActionMask = 2147483647;
			files = (
				1EC8369D9A1A2F6ACAC64D4C /* Pods_SportsApplication.framework in Frameworks */,
			);
			runOnlyForDeploymentPostprocessing = 0;
		};
		09E4E261282BEC7400FBA86D /* Frameworks */ = {
			isa = PBXFrameworksBuildPhase;
			buildActionMask = 2147483647;
			files = (
				F7008F51460485BF7B36A942 /* Pods_SportsApplicationTests.framework in Frameworks */,
			);
			runOnlyForDeploymentPostprocessing = 0;
		};
/* End PBXFrameworksBuildPhase section */

/* Begin PBXGroup section */
		09E4E242282BEC6300FBA86D = {
			isa = PBXGroup;
			children = (
				09E4E24D282BEC6300FBA86D /* SportsApplication */,
				09E4E267282BEC7400FBA86D /* SportsApplicationTests */,
				09E4E24C282BEC6300FBA86D /* Products */,
				806E10D677FE8318EAD61AE1 /* Pods */,
				B32C95B2D4EEE97FDFAE5407 /* Frameworks */,
			);
			sourceTree = "<group>";
		};
		09E4E24C282BEC6300FBA86D /* Products */ = {
			isa = PBXGroup;
			children = (
				09E4E24B282BEC6300FBA86D /* SportsApplication.app */,
				09E4E264282BEC7400FBA86D /* SportsApplicationTests.xctest */,
			);
			name = Products;
			sourceTree = "<group>";
		};
		09E4E24D282BEC6300FBA86D /* SportsApplication */ = {
			isa = PBXGroup;
			children = (
				09E4E278282C2F3A00FBA86D /* Module */,
				09E4E277282C2F0D00FBA86D /* View */,
				09E4E274282C2ECE00FBA86D /* Model */,
				09E4E24E282BEC6300FBA86D /* AppDelegate.swift */,
				09E4E250282BEC6300FBA86D /* SceneDelegate.swift */,
				09E4E25A282BEC7300FBA86D /* Assets.xcassets */,
				09E4E25F282BEC7400FBA86D /* Info.plist */,
			);
			path = SportsApplication;
			sourceTree = "<group>";
		};
		09E4E267282BEC7400FBA86D /* SportsApplicationTests */ = {
			isa = PBXGroup;
			children = (
				09E4E268282BEC7400FBA86D /* SportsApplicationTests.swift */,
				09E4E26A282BEC7400FBA86D /* Info.plist */,
			);
			path = SportsApplicationTests;
			sourceTree = "<group>";
		};
		09E4E274282C2ECE00FBA86D /* Model */ = {
			isa = PBXGroup;
			children = (
				09E4E276282C2EEA00FBA86D /* Local */,
				09E4E275282C2EE000FBA86D /* Remote */,
			);
			path = Model;
			sourceTree = "<group>";
		};
		09E4E275282C2EE000FBA86D /* Remote */ = {
			isa = PBXGroup;
			children = (
			);
			path = Remote;
			sourceTree = "<group>";
		};
		09E4E276282C2EEA00FBA86D /* Local */ = {
			isa = PBXGroup;
			children = (
				09E4E257282BEC6300FBA86D /* SportsApplication.xcdatamodeld */,
			);
			path = Local;
			sourceTree = "<group>";
		};
		09E4E277282C2F0D00FBA86D /* View */ = {
			isa = PBXGroup;
			children = (
				09E4E25C282BEC7400FBA86D /* LaunchScreen.storyboard */,
				09E4E254282BEC6300FBA86D /* Main.storyboard */,
			);
			path = View;
			sourceTree = "<group>";
		};
		09E4E278282C2F3A00FBA86D /* Module */ = {
			isa = PBXGroup;
			children = (
				A0CF1C89282C48AE00E3D633 /* FavouriteLeagues */,
				A0CF1C84282C444B00E3D633 /* Sports */,
			);
			path = Module;
			sourceTree = "<group>";
		};
		806E10D677FE8318EAD61AE1 /* Pods */ = {
			isa = PBXGroup;
			children = (
				70F4C4E4E49480EBEBFA08DD /* Pods-SportsApplication.debug.xcconfig */,
				3EDA258EDE184A7C75972352 /* Pods-SportsApplication.release.xcconfig */,
				D089B0CF6B9F89BB3AB12174 /* Pods-SportsApplicationTests.debug.xcconfig */,
				E9F1535AE4336CA69BFCFE32 /* Pods-SportsApplicationTests.release.xcconfig */,
			);
			name = Pods;
			path = Pods;
			sourceTree = "<group>";
		};
		A0CF1C84282C444B00E3D633 /* Sports */ = {
			isa = PBXGroup;
			children = (
				A0CF1C86282C454700E3D633 /* Presenter */,
				A0CF1C85282C452E00E3D633 /* View */,
			);
			path = Sports;
			sourceTree = "<group>";
		};
		A0CF1C85282C452E00E3D633 /* View */ = {
			isa = PBXGroup;
			children = (
				09E4E252282BEC6300FBA86D /* SportsViewController.swift */,
				A0CF1C8C282C52ED00E3D633 /* CollectionViewCell.swift */,
			);
			path = View;
			sourceTree = "<group>";
		};
		A0CF1C86282C454700E3D633 /* Presenter */ = {
			isa = PBXGroup;
			children = (
				A0CF1C87282C45A000E3D633 /* SportsPresenter.swift */,
			);
			path = Presenter;
			sourceTree = "<group>";
		};
		A0CF1C89282C48AE00E3D633 /* FavouriteLeagues */ = {
			isa = PBXGroup;
			children = (
				A0CF1C8B282C48D100E3D633 /* View */,
				A0CF1C8A282C48C000E3D633 /* Presenter */,
			);
			path = FavouriteLeagues;
			sourceTree = "<group>";
		};
		A0CF1C8A282C48C000E3D633 /* Presenter */ = {
			isa = PBXGroup;
			children = (
			);
			path = Presenter;
			sourceTree = "<group>";
		};
		A0CF1C8B282C48D100E3D633 /* View */ = {
			isa = PBXGroup;
			children = (
			);
			path = View;
			sourceTree = "<group>";
		};
		B32C95B2D4EEE97FDFAE5407 /* Frameworks */ = {
			isa = PBXGroup;
			children = (
				6FC8D74BF0542678A82DB163 /* Pods_SportsApplication.framework */,
				DC027CF13B95ED6C7CD10E1B /* Pods_SportsApplicationTests.framework */,
			);
			name = Frameworks;
			sourceTree = "<group>";
		};
/* End PBXGroup section */

/* Begin PBXNativeTarget section */
		09E4E24A282BEC6300FBA86D /* SportsApplication */ = {
			isa = PBXNativeTarget;
			buildConfigurationList = 09E4E26D282BEC7400FBA86D /* Build configuration list for PBXNativeTarget "SportsApplication" */;
			buildPhases = (
				66A29AFF4F4CD91F9C101D40 /* [CP] Check Pods Manifest.lock */,
				09E4E247282BEC6300FBA86D /* Sources */,
				09E4E248282BEC6300FBA86D /* Frameworks */,
				09E4E249282BEC6300FBA86D /* Resources */,
			);
			buildRules = (
			);
			dependencies = (
			);
			name = SportsApplication;
			productName = SportsApplication;
			productReference = 09E4E24B282BEC6300FBA86D /* SportsApplication.app */;
			productType = "com.apple.product-type.application";
		};
		09E4E263282BEC7400FBA86D /* SportsApplicationTests */ = {
			isa = PBXNativeTarget;
			buildConfigurationList = 09E4E270282BEC7400FBA86D /* Build configuration list for PBXNativeTarget "SportsApplicationTests" */;
			buildPhases = (
				1C46D51579AA589F3ED8EA3B /* [CP] Check Pods Manifest.lock */,
				09E4E260282BEC7400FBA86D /* Sources */,
				09E4E261282BEC7400FBA86D /* Frameworks */,
				09E4E262282BEC7400FBA86D /* Resources */,
				96342214585D6F45173AA72E /* [CP] Embed Pods Frameworks */,
			);
			buildRules = (
			);
			dependencies = (
				09E4E266282BEC7400FBA86D /* PBXTargetDependency */,
			);
			name = SportsApplicationTests;
			productName = SportsApplicationTests;
			productReference = 09E4E264282BEC7400FBA86D /* SportsApplicationTests.xctest */;
			productType = "com.apple.product-type.bundle.unit-test";
		};
/* End PBXNativeTarget section */

/* Begin PBXProject section */
		09E4E243282BEC6300FBA86D /* Project object */ = {
			isa = PBXProject;
			attributes = {
				LastSwiftUpdateCheck = 1100;
				LastUpgradeCheck = 1100;
				ORGANIZATIONNAME = iti;
				TargetAttributes = {
					09E4E24A282BEC6300FBA86D = {
						CreatedOnToolsVersion = 11.0;
					};
					09E4E263282BEC7400FBA86D = {
						CreatedOnToolsVersion = 11.0;
						TestTargetID = 09E4E24A282BEC6300FBA86D;
					};
				};
			};
			buildConfigurationList = 09E4E246282BEC6300FBA86D /* Build configuration list for PBXProject "SportsApplication" */;
			compatibilityVersion = "Xcode 9.3";
			developmentRegion = en;
			hasScannedForEncodings = 0;
			knownRegions = (
				en,
				Base,
			);
			mainGroup = 09E4E242282BEC6300FBA86D;
			productRefGroup = 09E4E24C282BEC6300FBA86D /* Products */;
			projectDirPath = "";
			projectRoot = "";
			targets = (
				09E4E24A282BEC6300FBA86D /* SportsApplication */,
				09E4E263282BEC7400FBA86D /* SportsApplicationTests */,
			);
		};
/* End PBXProject section */

/* Begin PBXResourcesBuildPhase section */
		09E4E249282BEC6300FBA86D /* Resources */ = {
			isa = PBXResourcesBuildPhase;
			buildActionMask = 2147483647;
			files = (
				09E4E25E282BEC7400FBA86D /* LaunchScreen.storyboard in Resources */,
				09E4E25B282BEC7300FBA86D /* Assets.xcassets in Resources */,
				09E4E256282BEC6300FBA86D /* Main.storyboard in Resources */,
			);
			runOnlyForDeploymentPostprocessing = 0;
		};
		09E4E262282BEC7400FBA86D /* Resources */ = {
			isa = PBXResourcesBuildPhase;
			buildActionMask = 2147483647;
			files = (
			);
			runOnlyForDeploymentPostprocessing = 0;
		};
/* End PBXResourcesBuildPhase section */

/* Begin PBXShellScriptBuildPhase section */
		1C46D51579AA589F3ED8EA3B /* [CP] Check Pods Manifest.lock */ = {
			isa = PBXShellScriptBuildPhase;
			buildActionMask = 2147483647;
			files = (
			);
			inputFileListPaths = (
			);
			inputPaths = (
				"${PODS_PODFILE_DIR_PATH}/Podfile.lock",
				"${PODS_ROOT}/Manifest.lock",
			);
			name = "[CP] Check Pods Manifest.lock";
			outputFileListPaths = (
			);
			outputPaths = (
				"$(DERIVED_FILE_DIR)/Pods-SportsApplicationTests-checkManifestLockResult.txt",
			);
			runOnlyForDeploymentPostprocessing = 0;
			shellPath = /bin/sh;
			shellScript = "diff \"${PODS_PODFILE_DIR_PATH}/Podfile.lock\" \"${PODS_ROOT}/Manifest.lock\" > /dev/null\nif [ $? != 0 ] ; then\n    # print error to STDERR\n    echo \"error: The sandbox is not in sync with the Podfile.lock. Run 'pod install' or update your CocoaPods installation.\" >&2\n    exit 1\nfi\n# This output is used by Xcode 'outputs' to avoid re-running this script phase.\necho \"SUCCESS\" > \"${SCRIPT_OUTPUT_FILE_0}\"\n";
			showEnvVarsInLog = 0;
		};
		66A29AFF4F4CD91F9C101D40 /* [CP] Check Pods Manifest.lock */ = {
			isa = PBXShellScriptBuildPhase;
			buildActionMask = 2147483647;
			files = (
			);
			inputFileListPaths = (
			);
			inputPaths = (
				"${PODS_PODFILE_DIR_PATH}/Podfile.lock",
				"${PODS_ROOT}/Manifest.lock",
			);
			name = "[CP] Check Pods Manifest.lock";
			outputFileListPaths = (
			);
			outputPaths = (
				"$(DERIVED_FILE_DIR)/Pods-SportsApplication-checkManifestLockResult.txt",
			);
			runOnlyForDeploymentPostprocessing = 0;
			shellPath = /bin/sh;
			shellScript = "diff \"${PODS_PODFILE_DIR_PATH}/Podfile.lock\" \"${PODS_ROOT}/Manifest.lock\" > /dev/null\nif [ $? != 0 ] ; then\n    # print error to STDERR\n    echo \"error: The sandbox is not in sync with the Podfile.lock. Run 'pod install' or update your CocoaPods installation.\" >&2\n    exit 1\nfi\n# This output is used by Xcode 'outputs' to avoid re-running this script phase.\necho \"SUCCESS\" > \"${SCRIPT_OUTPUT_FILE_0}\"\n";
			showEnvVarsInLog = 0;
		};
		96342214585D6F45173AA72E /* [CP] Embed Pods Frameworks */ = {
			isa = PBXShellScriptBuildPhase;
			buildActionMask = 2147483647;
			files = (
			);
			inputFileListPaths = (
				"${PODS_ROOT}/Target Support Files/Pods-SportsApplicationTests/Pods-SportsApplicationTests-frameworks-${CONFIGURATION}-input-files.xcfilelist",
			);
			name = "[CP] Embed Pods Frameworks";
			outputFileListPaths = (
				"${PODS_ROOT}/Target Support Files/Pods-SportsApplicationTests/Pods-SportsApplicationTests-frameworks-${CONFIGURATION}-output-files.xcfilelist",
			);
			runOnlyForDeploymentPostprocessing = 0;
			shellPath = /bin/sh;
			shellScript = "\"${PODS_ROOT}/Target Support Files/Pods-SportsApplicationTests/Pods-SportsApplicationTests-frameworks.sh\"\n";
			showEnvVarsInLog = 0;
		};
/* End PBXShellScriptBuildPhase section */

/* Begin PBXSourcesBuildPhase section */
		09E4E247282BEC6300FBA86D /* Sources */ = {
			isa = PBXSourcesBuildPhase;
			buildActionMask = 2147483647;
			files = (
				A0CF1C88282C45A000E3D633 /* SportsPresenter.swift in Sources */,
				09E4E253282BEC6300FBA86D /* SportsViewController.swift in Sources */,
				A0CF1C8D282C52ED00E3D633 /* CollectionViewCell.swift in Sources */,
				09E4E259282BEC6300FBA86D /* SportsApplication.xcdatamodeld in Sources */,
				09E4E24F282BEC6300FBA86D /* AppDelegate.swift in Sources */,
				09E4E251282BEC6300FBA86D /* SceneDelegate.swift in Sources */,
			);
			runOnlyForDeploymentPostprocessing = 0;
		};
		09E4E260282BEC7400FBA86D /* Sources */ = {
			isa = PBXSourcesBuildPhase;
			buildActionMask = 2147483647;
			files = (
				09E4E269282BEC7400FBA86D /* SportsApplicationTests.swift in Sources */,
			);
			runOnlyForDeploymentPostprocessing = 0;
		};
/* End PBXSourcesBuildPhase section */

/* Begin PBXTargetDependency section */
		09E4E266282BEC7400FBA86D /* PBXTargetDependency */ = {
			isa = PBXTargetDependency;
			target = 09E4E24A282BEC6300FBA86D /* SportsApplication */;
			targetProxy = 09E4E265282BEC7400FBA86D /* PBXContainerItemProxy */;
		};
/* End PBXTargetDependency section */

/* Begin PBXVariantGroup section */
		09E4E254282BEC6300FBA86D /* Main.storyboard */ = {
			isa = PBXVariantGroup;
			children = (
				09E4E255282BEC6300FBA86D /* Base */,
			);
			name = Main.storyboard;
			sourceTree = "<group>";
		};
		09E4E25C282BEC7400FBA86D /* LaunchScreen.storyboard */ = {
			isa = PBXVariantGroup;
			children = (
				09E4E25D282BEC7400FBA86D /* Base */,
			);
			name = LaunchScreen.storyboard;
			sourceTree = "<group>";
		};
/* End PBXVariantGroup section */

/* Begin XCBuildConfiguration section */
		09E4E26B282BEC7400FBA86D /* Debug */ = {
			isa = XCBuildConfiguration;
			buildSettings = {
				ALWAYS_SEARCH_USER_PATHS = NO;
				CLANG_ANALYZER_NONNULL = YES;
				CLANG_ANALYZER_NUMBER_OBJECT_CONVERSION = YES_AGGRESSIVE;
				CLANG_CXX_LANGUAGE_STANDARD = "gnu++14";
				CLANG_CXX_LIBRARY = "libc++";
				CLANG_ENABLE_MODULES = YES;
				CLANG_ENABLE_OBJC_ARC = YES;
				CLANG_ENABLE_OBJC_WEAK = YES;
				CLANG_WARN_BLOCK_CAPTURE_AUTORELEASING = YES;
				CLANG_WARN_BOOL_CONVERSION = YES;
				CLANG_WARN_COMMA = YES;
				CLANG_WARN_CONSTANT_CONVERSION = YES;
				CLANG_WARN_DEPRECATED_OBJC_IMPLEMENTATIONS = YES;
				CLANG_WARN_DIRECT_OBJC_ISA_USAGE = YES_ERROR;
				CLANG_WARN_DOCUMENTATION_COMMENTS = YES;
				CLANG_WARN_EMPTY_BODY = YES;
				CLANG_WARN_ENUM_CONVERSION = YES;
				CLANG_WARN_INFINITE_RECURSION = YES;
				CLANG_WARN_INT_CONVERSION = YES;
				CLANG_WARN_NON_LITERAL_NULL_CONVERSION = YES;
				CLANG_WARN_OBJC_IMPLICIT_RETAIN_SELF = YES;
				CLANG_WARN_OBJC_LITERAL_CONVERSION = YES;
				CLANG_WARN_OBJC_ROOT_CLASS = YES_ERROR;
				CLANG_WARN_RANGE_LOOP_ANALYSIS = YES;
				CLANG_WARN_STRICT_PROTOTYPES = YES;
				CLANG_WARN_SUSPICIOUS_MOVE = YES;
				CLANG_WARN_UNGUARDED_AVAILABILITY = YES_AGGRESSIVE;
				CLANG_WARN_UNREACHABLE_CODE = YES;
				CLANG_WARN__DUPLICATE_METHOD_MATCH = YES;
				COPY_PHASE_STRIP = NO;
				DEBUG_INFORMATION_FORMAT = dwarf;
				ENABLE_STRICT_OBJC_MSGSEND = YES;
				ENABLE_TESTABILITY = YES;
				GCC_C_LANGUAGE_STANDARD = gnu11;
				GCC_DYNAMIC_NO_PIC = NO;
				GCC_NO_COMMON_BLOCKS = YES;
				GCC_OPTIMIZATION_LEVEL = 0;
				GCC_PREPROCESSOR_DEFINITIONS = (
					"DEBUG=1",
					"$(inherited)",
				);
				GCC_WARN_64_TO_32_BIT_CONVERSION = YES;
				GCC_WARN_ABOUT_RETURN_TYPE = YES_ERROR;
				GCC_WARN_UNDECLARED_SELECTOR = YES;
				GCC_WARN_UNINITIALIZED_AUTOS = YES_AGGRESSIVE;
				GCC_WARN_UNUSED_FUNCTION = YES;
				GCC_WARN_UNUSED_VARIABLE = YES;
				IPHONEOS_DEPLOYMENT_TARGET = 13.0;
				MTL_ENABLE_DEBUG_INFO = INCLUDE_SOURCE;
				MTL_FAST_MATH = YES;
				ONLY_ACTIVE_ARCH = YES;
				SDKROOT = iphoneos;
				SWIFT_ACTIVE_COMPILATION_CONDITIONS = DEBUG;
				SWIFT_OPTIMIZATION_LEVEL = "-Onone";
			};
			name = Debug;
		};
		09E4E26C282BEC7400FBA86D /* Release */ = {
			isa = XCBuildConfiguration;
			buildSettings = {
				ALWAYS_SEARCH_USER_PATHS = NO;
				CLANG_ANALYZER_NONNULL = YES;
				CLANG_ANALYZER_NUMBER_OBJECT_CONVERSION = YES_AGGRESSIVE;
				CLANG_CXX_LANGUAGE_STANDARD = "gnu++14";
				CLANG_CXX_LIBRARY = "libc++";
				CLANG_ENABLE_MODULES = YES;
				CLANG_ENABLE_OBJC_ARC = YES;
				CLANG_ENABLE_OBJC_WEAK = YES;
				CLANG_WARN_BLOCK_CAPTURE_AUTORELEASING = YES;
				CLANG_WARN_BOOL_CONVERSION = YES;
				CLANG_WARN_COMMA = YES;
				CLANG_WARN_CONSTANT_CONVERSION = YES;
				CLANG_WARN_DEPRECATED_OBJC_IMPLEMENTATIONS = YES;
				CLANG_WARN_DIRECT_OBJC_ISA_USAGE = YES_ERROR;
				CLANG_WARN_DOCUMENTATION_COMMENTS = YES;
				CLANG_WARN_EMPTY_BODY = YES;
				CLANG_WARN_ENUM_CONVERSION = YES;
				CLANG_WARN_INFINITE_RECURSION = YES;
				CLANG_WARN_INT_CONVERSION = YES;
				CLANG_WARN_NON_LITERAL_NULL_CONVERSION = YES;
				CLANG_WARN_OBJC_IMPLICIT_RETAIN_SELF = YES;
				CLANG_WARN_OBJC_LITERAL_CONVERSION = YES;
				CLANG_WARN_OBJC_ROOT_CLASS = YES_ERROR;
				CLANG_WARN_RANGE_LOOP_ANALYSIS = YES;
				CLANG_WARN_STRICT_PROTOTYPES = YES;
				CLANG_WARN_SUSPICIOUS_MOVE = YES;
				CLANG_WARN_UNGUARDED_AVAILABILITY = YES_AGGRESSIVE;
				CLANG_WARN_UNREACHABLE_CODE = YES;
				CLANG_WARN__DUPLICATE_METHOD_MATCH = YES;
				COPY_PHASE_STRIP = NO;
				DEBUG_INFORMATION_FORMAT = "dwarf-with-dsym";
				ENABLE_NS_ASSERTIONS = NO;
				ENABLE_STRICT_OBJC_MSGSEND = YES;
				GCC_C_LANGUAGE_STANDARD = gnu11;
				GCC_NO_COMMON_BLOCKS = YES;
				GCC_WARN_64_TO_32_BIT_CONVERSION = YES;
				GCC_WARN_ABOUT_RETURN_TYPE = YES_ERROR;
				GCC_WARN_UNDECLARED_SELECTOR = YES;
				GCC_WARN_UNINITIALIZED_AUTOS = YES_AGGRESSIVE;
				GCC_WARN_UNUSED_FUNCTION = YES;
				GCC_WARN_UNUSED_VARIABLE = YES;
				IPHONEOS_DEPLOYMENT_TARGET = 13.0;
				MTL_ENABLE_DEBUG_INFO = NO;
				MTL_FAST_MATH = YES;
				SDKROOT = iphoneos;
				SWIFT_COMPILATION_MODE = wholemodule;
				SWIFT_OPTIMIZATION_LEVEL = "-O";
				VALIDATE_PRODUCT = YES;
			};
			name = Release;
		};
		09E4E26E282BEC7400FBA86D /* Debug */ = {
			isa = XCBuildConfiguration;
			baseConfigurationReference = 70F4C4E4E49480EBEBFA08DD /* Pods-SportsApplication.debug.xcconfig */;
			buildSettings = {
				ASSETCATALOG_COMPILER_APPICON_NAME = AppIcon;
				CODE_SIGN_STYLE = Automatic;
				INFOPLIST_FILE = SportsApplication/Info.plist;
				LD_RUNPATH_SEARCH_PATHS = (
					"$(inherited)",
					"@executable_path/Frameworks",
				);
				PRODUCT_BUNDLE_IDENTIFIER = EsraaLotfy.SportsApplication;
				PRODUCT_NAME = "$(TARGET_NAME)";
				SWIFT_VERSION = 5.0;
				TARGETED_DEVICE_FAMILY = "1,2";
			};
			name = Debug;
		};
		09E4E26F282BEC7400FBA86D /* Release */ = {
			isa = XCBuildConfiguration;
			baseConfigurationReference = 3EDA258EDE184A7C75972352 /* Pods-SportsApplication.release.xcconfig */;
			buildSettings = {
				ASSETCATALOG_COMPILER_APPICON_NAME = AppIcon;
				CODE_SIGN_STYLE = Automatic;
				INFOPLIST_FILE = SportsApplication/Info.plist;
				LD_RUNPATH_SEARCH_PATHS = (
					"$(inherited)",
					"@executable_path/Frameworks",
				);
				PRODUCT_BUNDLE_IDENTIFIER = EsraaLotfy.SportsApplication;
				PRODUCT_NAME = "$(TARGET_NAME)";
				SWIFT_VERSION = 5.0;
				TARGETED_DEVICE_FAMILY = "1,2";
			};
			name = Release;
		};
		09E4E271282BEC7400FBA86D /* Debug */ = {
			isa = XCBuildConfiguration;
			baseConfigurationReference = D089B0CF6B9F89BB3AB12174 /* Pods-SportsApplicationTests.debug.xcconfig */;
			buildSettings = {
				ALWAYS_EMBED_SWIFT_STANDARD_LIBRARIES = YES;
				BUNDLE_LOADER = "$(TEST_HOST)";
				CODE_SIGN_STYLE = Automatic;
				INFOPLIST_FILE = SportsApplicationTests/Info.plist;
				IPHONEOS_DEPLOYMENT_TARGET = 13.0;
				LD_RUNPATH_SEARCH_PATHS = (
					"$(inherited)",
					"@executable_path/Frameworks",
					"@loader_path/Frameworks",
				);
				PRODUCT_BUNDLE_IDENTIFIER = EsraaLotfy.SportsApplicationTests;
				PRODUCT_NAME = "$(TARGET_NAME)";
				SWIFT_VERSION = 5.0;
				TARGETED_DEVICE_FAMILY = "1,2";
				TEST_HOST = "$(BUILT_PRODUCTS_DIR)/SportsApplication.app/SportsApplication";
			};
			name = Debug;
		};
		09E4E272282BEC7400FBA86D /* Release */ = {
			isa = XCBuildConfiguration;
			baseConfigurationReference = E9F1535AE4336CA69BFCFE32 /* Pods-SportsApplicationTests.release.xcconfig */;
			buildSettings = {
				ALWAYS_EMBED_SWIFT_STANDARD_LIBRARIES = YES;
				BUNDLE_LOADER = "$(TEST_HOST)";
				CODE_SIGN_STYLE = Automatic;
				INFOPLIST_FILE = SportsApplicationTests/Info.plist;
				IPHONEOS_DEPLOYMENT_TARGET = 13.0;
				LD_RUNPATH_SEARCH_PATHS = (
					"$(inherited)",
					"@executable_path/Frameworks",
					"@loader_path/Frameworks",
				);
				PRODUCT_BUNDLE_IDENTIFIER = EsraaLotfy.SportsApplicationTests;
				PRODUCT_NAME = "$(TARGET_NAME)";
				SWIFT_VERSION = 5.0;
				TARGETED_DEVICE_FAMILY = "1,2";
				TEST_HOST = "$(BUILT_PRODUCTS_DIR)/SportsApplication.app/SportsApplication";
			};
			name = Release;
		};
/* End XCBuildConfiguration section */

/* Begin XCConfigurationList section */
		09E4E246282BEC6300FBA86D /* Build configuration list for PBXProject "SportsApplication" */ = {
			isa = XCConfigurationList;
			buildConfigurations = (
				09E4E26B282BEC7400FBA86D /* Debug */,
				09E4E26C282BEC7400FBA86D /* Release */,
			);
			defaultConfigurationIsVisible = 0;
			defaultConfigurationName = Release;
		};
		09E4E26D282BEC7400FBA86D /* Build configuration list for PBXNativeTarget "SportsApplication" */ = {
			isa = XCConfigurationList;
			buildConfigurations = (
				09E4E26E282BEC7400FBA86D /* Debug */,
				09E4E26F282BEC7400FBA86D /* Release */,
			);
			defaultConfigurationIsVisible = 0;
			defaultConfigurationName = Release;
		};
		09E4E270282BEC7400FBA86D /* Build configuration list for PBXNativeTarget "SportsApplicationTests" */ = {
			isa = XCConfigurationList;
			buildConfigurations = (
				09E4E271282BEC7400FBA86D /* Debug */,
				09E4E272282BEC7400FBA86D /* Release */,
			);
			defaultConfigurationIsVisible = 0;
			defaultConfigurationName = Release;
		};
/* End XCConfigurationList section */

/* Begin XCVersionGroup section */
		09E4E257282BEC6300FBA86D /* SportsApplication.xcdatamodeld */ = {
			isa = XCVersionGroup;
			children = (
				09E4E258282BEC6300FBA86D /* SportsApplication.xcdatamodel */,
			);
			currentVersion = 09E4E258282BEC6300FBA86D /* SportsApplication.xcdatamodel */;
			path = SportsApplication.xcdatamodeld;
			sourceTree = "<group>";
			versionGroupType = wrapper.xcdatamodel;
		};
/* End XCVersionGroup section */
	};
	rootObject = 09E4E243282BEC6300FBA86D /* Project object */;
}
