// !$*UTF8*$!
{
	archiveVersion = 1;
	classes = {
	};
	objectVersion = 51;
	objects = {

/* Begin PBXBuildFile section */
		0900015F2831B25A0004B722 /* Team.swift in Sources */ = {isa = PBXBuildFile; fileRef = 0900015E2831B25A0004B722 /* Team.swift */; };
		090001612831C2140004B722 /* TeamsResponse.swift in Sources */ = {isa = PBXBuildFile; fileRef = 090001602831C2140004B722 /* TeamsResponse.swift */; };
		0906487B283BDE2D0092D997 /* DependencyProvider.swift in Sources */ = {isa = PBXBuildFile; fileRef = 0906487A283BDE2D0092D997 /* DependencyProvider.swift */; };
		09122312282EBAAA0040A84C /* LeaguesPresenter.swift in Sources */ = {isa = PBXBuildFile; fileRef = 09122311282EBAAA0040A84C /* LeaguesPresenter.swift */; };
		09122314282EBABB0040A84C /* LeaguesPresenterProtocol.swift in Sources */ = {isa = PBXBuildFile; fileRef = 09122313282EBABB0040A84C /* LeaguesPresenterProtocol.swift */; };
		09122316282EBC680040A84C /* LeaguesViewController.swift in Sources */ = {isa = PBXBuildFile; fileRef = 09122315282EBC680040A84C /* LeaguesViewController.swift */; };
		09122318282EBC840040A84C /* LeaguesViewControllerProtocol.swift in Sources */ = {isa = PBXBuildFile; fileRef = 09122317282EBC840040A84C /* LeaguesViewControllerProtocol.swift */; };
		0912231A282EBCCF0040A84C /* LeaguesCollectionViewCell.swift in Sources */ = {isa = PBXBuildFile; fileRef = 09122319282EBCCF0040A84C /* LeaguesCollectionViewCell.swift */; };
		092EC337282DECE9000412B0 /* MockingNetworkManagerTests.swift in Sources */ = {isa = PBXBuildFile; fileRef = 092EC336282DECE9000412B0 /* MockingNetworkManagerTests.swift */; };
		092EC339282DED69000412B0 /* MockNetworkManager.swift in Sources */ = {isa = PBXBuildFile; fileRef = 092EC338282DED69000412B0 /* MockNetworkManager.swift */; };
		097A9635282FEA9900843D41 /* NullResponse.swift in Sources */ = {isa = PBXBuildFile; fileRef = 097A9634282FEA9900843D41 /* NullResponse.swift */; };
		09B72FE8282DCFA900B86DE1 /* NetwokManager.swift in Sources */ = {isa = PBXBuildFile; fileRef = 09B72FE7282DCFA900B86DE1 /* NetwokManager.swift */; };
		09B72FEA282DCFBE00B86DE1 /* NetworkManagerProtocol.swift in Sources */ = {isa = PBXBuildFile; fileRef = 09B72FE9282DCFBE00B86DE1 /* NetworkManagerProtocol.swift */; };
		09B72FEC282DD07B00B86DE1 /* Sport.swift in Sources */ = {isa = PBXBuildFile; fileRef = 09B72FEB282DD07B00B86DE1 /* Sport.swift */; };
		09B72FEE282DD09200B86DE1 /* SportsResponse.swift in Sources */ = {isa = PBXBuildFile; fileRef = 09B72FED282DD09200B86DE1 /* SportsResponse.swift */; };
		09B72FF0282DD3F300B86DE1 /* SportsViewControllerProtocol.swift in Sources */ = {isa = PBXBuildFile; fileRef = 09B72FEF282DD3F300B86DE1 /* SportsViewControllerProtocol.swift */; };
		09B72FF2282DD40C00B86DE1 /* SportsPresenterProtocol.swift in Sources */ = {isa = PBXBuildFile; fileRef = 09B72FF1282DD40C00B86DE1 /* SportsPresenterProtocol.swift */; };
		09B72FF4282DE81C00B86DE1 /* NetworkManagerTests.swift in Sources */ = {isa = PBXBuildFile; fileRef = 09B72FF3282DE81C00B86DE1 /* NetworkManagerTests.swift */; };
		09C3FBEC28398D1200FB1B87 /* TeamsPresenter.swift in Sources */ = {isa = PBXBuildFile; fileRef = 09C3FBEB28398D1200FB1B87 /* TeamsPresenter.swift */; };
		09C3FBEE28398D3F00FB1B87 /* TeamsPresenterProtocol.swift in Sources */ = {isa = PBXBuildFile; fileRef = 09C3FBED28398D3F00FB1B87 /* TeamsPresenterProtocol.swift */; };
		09C3FBF028398DFF00FB1B87 /* TeamsViewController.swift in Sources */ = {isa = PBXBuildFile; fileRef = 09C3FBEF28398DFF00FB1B87 /* TeamsViewController.swift */; };
		09C3FBF228398EAB00FB1B87 /* TeamsViewControllerProtocol.swift in Sources */ = {isa = PBXBuildFile; fileRef = 09C3FBF128398EAA00FB1B87 /* TeamsViewControllerProtocol.swift */; };
		09E4E24F282BEC6300FBA86D /* AppDelegate.swift in Sources */ = {isa = PBXBuildFile; fileRef = 09E4E24E282BEC6300FBA86D /* AppDelegate.swift */; };
		09E4E251282BEC6300FBA86D /* SceneDelegate.swift in Sources */ = {isa = PBXBuildFile; fileRef = 09E4E250282BEC6300FBA86D /* SceneDelegate.swift */; };
		09E4E253282BEC6300FBA86D /* SportsViewController.swift in Sources */ = {isa = PBXBuildFile; fileRef = 09E4E252282BEC6300FBA86D /* SportsViewController.swift */; };
		09E4E256282BEC6300FBA86D /* Main.storyboard in Resources */ = {isa = PBXBuildFile; fileRef = 09E4E254282BEC6300FBA86D /* Main.storyboard */; };
		09E4E259282BEC6300FBA86D /* SportsApplication.xcdatamodeld in Sources */ = {isa = PBXBuildFile; fileRef = 09E4E257282BEC6300FBA86D /* SportsApplication.xcdatamodeld */; };
		09E4E25B282BEC7300FBA86D /* Assets.xcassets in Resources */ = {isa = PBXBuildFile; fileRef = 09E4E25A282BEC7300FBA86D /* Assets.xcassets */; };
		09E4E25E282BEC7400FBA86D /* LaunchScreen.storyboard in Resources */ = {isa = PBXBuildFile; fileRef = 09E4E25C282BEC7400FBA86D /* LaunchScreen.storyboard */; };
		09E4E269282BEC7400FBA86D /* SportsApplicationTests.swift in Sources */ = {isa = PBXBuildFile; fileRef = 09E4E268282BEC7400FBA86D /* SportsApplicationTests.swift */; };
		09E57F9628369C920094599F /* CoreDataHandling.swift in Sources */ = {isa = PBXBuildFile; fileRef = 09E57F9528369C920094599F /* CoreDataHandling.swift */; };
		09E57F9828369CCF0094599F /* CoreDataHandlingProtocol.swift in Sources */ = {isa = PBXBuildFile; fileRef = 09E57F9728369CCF0094599F /* CoreDataHandlingProtocol.swift */; };
		09E57F9A28369D1A0094599F /* CoreDataModel.swift in Sources */ = {isa = PBXBuildFile; fileRef = 09E57F9928369D1A0094599F /* CoreDataModel.swift */; };
		09E57F9C28369D680094599F /* LeaguesDetailsViewControllerProtocol.swift in Sources */ = {isa = PBXBuildFile; fileRef = 09E57F9B28369D680094599F /* LeaguesDetailsViewControllerProtocol.swift */; };
		1EC8369D9A1A2F6ACAC64D4C /* Pods_SportsApplication.framework in Frameworks */ = {isa = PBXBuildFile; fileRef = 6FC8D74BF0542678A82DB163 /* Pods_SportsApplication.framework */; };
		A003D12928313E98003E0563 /* LeaguesDetailsPresenter.swift in Sources */ = {isa = PBXBuildFile; fileRef = A003D12828313E98003E0563 /* LeaguesDetailsPresenter.swift */; };
		A003D12B28313EBD003E0563 /* LeaguesDetailsPresenterProtocol.swift in Sources */ = {isa = PBXBuildFile; fileRef = A003D12A28313EBD003E0563 /* LeaguesDetailsPresenterProtocol.swift */; };
		A003D12D2831698D003E0563 /* LeaguesDetailsViewController.swift in Sources */ = {isa = PBXBuildFile; fileRef = A003D12C2831698D003E0563 /* LeaguesDetailsViewController.swift */; };
		A09DD42D282EA8D600B37333 /* LeaguesResponse.swift in Sources */ = {isa = PBXBuildFile; fileRef = A09DD42C282EA8D600B37333 /* LeaguesResponse.swift */; };
		A09DD42F282EA90700B37333 /* League.swift in Sources */ = {isa = PBXBuildFile; fileRef = A09DD42E282EA90700B37333 /* League.swift */; };
		A0B52F05283599B200B79BC7 /* TeamsCollectionViewCell.swift in Sources */ = {isa = PBXBuildFile; fileRef = A0B52F04283599B200B79BC7 /* TeamsCollectionViewCell.swift */; };
		A0CDE63328356E610077BF9F /* LatestEventsCollectionViewCell.swift in Sources */ = {isa = PBXBuildFile; fileRef = A0CDE63228356E610077BF9F /* LatestEventsCollectionViewCell.swift */; };
		A0CF1C88282C45A000E3D633 /* SportsPresenter.swift in Sources */ = {isa = PBXBuildFile; fileRef = A0CF1C87282C45A000E3D633 /* SportsPresenter.swift */; };
		A0CF1C8D282C52ED00E3D633 /* CollectionViewCell.swift in Sources */ = {isa = PBXBuildFile; fileRef = A0CF1C8C282C52ED00E3D633 /* CollectionViewCell.swift */; };
		A0D41C5328341FC9006DD1D5 /* EventsResponse.swift in Sources */ = {isa = PBXBuildFile; fileRef = A0D41C5228341FC9006DD1D5 /* EventsResponse.swift */; };
		A0D41C5528341FD8006DD1D5 /* Event.swift in Sources */ = {isa = PBXBuildFile; fileRef = A0D41C5428341FD8006DD1D5 /* Event.swift */; };
		A0D41C59283457FE006DD1D5 /* LeaguesDetailsCollectionViewCell.swift in Sources */ = {isa = PBXBuildFile; fileRef = A0D41C58283457FE006DD1D5 /* LeaguesDetailsCollectionViewCell.swift */; };
		F7008F51460485BF7B36A942 /* Pods_SportsApplicationTests.framework in Frameworks */ = {isa = PBXBuildFile; fileRef = DC027CF13B95ED6C7CD10E1B /* Pods_SportsApplicationTests.framework */; };
/* End PBXBuildFile section */

/* Begin PBXContainerItemProxy section */
		09E4E265282BEC7400FBA86D /* PBXContainerItemProxy */ = {
			isa = PBXContainerItemProxy;
			containerPortal = 09E4E243282BEC6300FBA86D /* Project object */;
			proxyType = 1;
			remoteGlobalIDString = 09E4E24A282BEC6300FBA86D;
			remoteInfo = SportsApplication;
		};
/* End PBXContainerItemProxy section */

/* Begin PBXFileReference section */
		0900015E2831B25A0004B722 /* Team.swift */ = {isa = PBXFileReference; lastKnownFileType = sourcecode.swift; path = Team.swift; sourceTree = "<group>"; };
		090001602831C2140004B722 /* TeamsResponse.swift */ = {isa = PBXFileReference; lastKnownFileType = sourcecode.swift; path = TeamsResponse.swift; sourceTree = "<group>"; };
		0906487A283BDE2D0092D997 /* DependencyProvider.swift */ = {isa = PBXFileReference; lastKnownFileType = sourcecode.swift; path = DependencyProvider.swift; sourceTree = "<group>"; };
		09122311282EBAAA0040A84C /* LeaguesPresenter.swift */ = {isa = PBXFileReference; lastKnownFileType = sourcecode.swift; path = LeaguesPresenter.swift; sourceTree = "<group>"; };
		09122313282EBABB0040A84C /* LeaguesPresenterProtocol.swift */ = {isa = PBXFileReference; lastKnownFileType = sourcecode.swift; path = LeaguesPresenterProtocol.swift; sourceTree = "<group>"; };
		09122315282EBC680040A84C /* LeaguesViewController.swift */ = {isa = PBXFileReference; lastKnownFileType = sourcecode.swift; path = LeaguesViewController.swift; sourceTree = "<group>"; };
		09122317282EBC840040A84C /* LeaguesViewControllerProtocol.swift */ = {isa = PBXFileReference; lastKnownFileType = sourcecode.swift; path = LeaguesViewControllerProtocol.swift; sourceTree = "<group>"; };
		09122319282EBCCF0040A84C /* LeaguesCollectionViewCell.swift */ = {isa = PBXFileReference; lastKnownFileType = sourcecode.swift; path = LeaguesCollectionViewCell.swift; sourceTree = "<group>"; };
		092EC336282DECE9000412B0 /* MockingNetworkManagerTests.swift */ = {isa = PBXFileReference; lastKnownFileType = sourcecode.swift; path = MockingNetworkManagerTests.swift; sourceTree = "<group>"; };
		092EC338282DED69000412B0 /* MockNetworkManager.swift */ = {isa = PBXFileReference; lastKnownFileType = sourcecode.swift; path = MockNetworkManager.swift; sourceTree = "<group>"; };
		097A9634282FEA9900843D41 /* NullResponse.swift */ = {isa = PBXFileReference; lastKnownFileType = sourcecode.swift; path = NullResponse.swift; sourceTree = "<group>"; };
		09B72FE7282DCFA900B86DE1 /* NetwokManager.swift */ = {isa = PBXFileReference; lastKnownFileType = sourcecode.swift; path = NetwokManager.swift; sourceTree = SOURCE_ROOT; };
		09B72FE9282DCFBE00B86DE1 /* NetworkManagerProtocol.swift */ = {isa = PBXFileReference; lastKnownFileType = sourcecode.swift; path = NetworkManagerProtocol.swift; sourceTree = SOURCE_ROOT; };
		09B72FEB282DD07B00B86DE1 /* Sport.swift */ = {isa = PBXFileReference; lastKnownFileType = sourcecode.swift; path = Sport.swift; sourceTree = "<group>"; };
		09B72FED282DD09200B86DE1 /* SportsResponse.swift */ = {isa = PBXFileReference; lastKnownFileType = sourcecode.swift; path = SportsResponse.swift; sourceTree = "<group>"; };
		09B72FEF282DD3F300B86DE1 /* SportsViewControllerProtocol.swift */ = {isa = PBXFileReference; lastKnownFileType = sourcecode.swift; path = SportsViewControllerProtocol.swift; sourceTree = "<group>"; };
		09B72FF1282DD40C00B86DE1 /* SportsPresenterProtocol.swift */ = {isa = PBXFileReference; lastKnownFileType = sourcecode.swift; path = SportsPresenterProtocol.swift; sourceTree = "<group>"; };
		09B72FF3282DE81C00B86DE1 /* NetworkManagerTests.swift */ = {isa = PBXFileReference; lastKnownFileType = sourcecode.swift; path = NetworkManagerTests.swift; sourceTree = "<group>"; };
		09C3FBEB28398D1200FB1B87 /* TeamsPresenter.swift */ = {isa = PBXFileReference; lastKnownFileType = sourcecode.swift; path = TeamsPresenter.swift; sourceTree = "<group>"; };
		09C3FBED28398D3F00FB1B87 /* TeamsPresenterProtocol.swift */ = {isa = PBXFileReference; lastKnownFileType = sourcecode.swift; path = TeamsPresenterProtocol.swift; sourceTree = "<group>"; };
		09C3FBEF28398DFF00FB1B87 /* TeamsViewController.swift */ = {isa = PBXFileReference; lastKnownFileType = sourcecode.swift; path = TeamsViewController.swift; sourceTree = "<group>"; };
		09C3FBF128398EAA00FB1B87 /* TeamsViewControllerProtocol.swift */ = {isa = PBXFileReference; lastKnownFileType = sourcecode.swift; path = TeamsViewControllerProtocol.swift; sourceTree = "<group>"; };
		09E4E24B282BEC6300FBA86D /* SportsApplication.app */ = {isa = PBXFileReference; explicitFileType = wrapper.application; includeInIndex = 0; path = SportsApplication.app; sourceTree = BUILT_PRODUCTS_DIR; };
		09E4E24E282BEC6300FBA86D /* AppDelegate.swift */ = {isa = PBXFileReference; lastKnownFileType = sourcecode.swift; path = AppDelegate.swift; sourceTree = "<group>"; };
		09E4E250282BEC6300FBA86D /* SceneDelegate.swift */ = {isa = PBXFileReference; lastKnownFileType = sourcecode.swift; path = SceneDelegate.swift; sourceTree = "<group>"; };
		09E4E252282BEC6300FBA86D /* SportsViewController.swift */ = {isa = PBXFileReference; lastKnownFileType = sourcecode.swift; path = SportsViewController.swift; sourceTree = "<group>"; };
		09E4E255282BEC6300FBA86D /* Base */ = {isa = PBXFileReference; lastKnownFileType = file.storyboard; name = Base; path = Base.lproj/Main.storyboard; sourceTree = "<group>"; };
		09E4E258282BEC6300FBA86D /* SportsApplication.xcdatamodel */ = {isa = PBXFileReference; lastKnownFileType = wrapper.xcdatamodel; path = SportsApplication.xcdatamodel; sourceTree = "<group>"; };
		09E4E25A282BEC7300FBA86D /* Assets.xcassets */ = {isa = PBXFileReference; lastKnownFileType = folder.assetcatalog; path = Assets.xcassets; sourceTree = "<group>"; };
		09E4E25D282BEC7400FBA86D /* Base */ = {isa = PBXFileReference; lastKnownFileType = file.storyboard; name = Base; path = Base.lproj/LaunchScreen.storyboard; sourceTree = "<group>"; };
		09E4E25F282BEC7400FBA86D /* Info.plist */ = {isa = PBXFileReference; lastKnownFileType = text.plist.xml; path = Info.plist; sourceTree = "<group>"; };
		09E4E264282BEC7400FBA86D /* SportsApplicationTests.xctest */ = {isa = PBXFileReference; explicitFileType = wrapper.cfbundle; includeInIndex = 0; path = SportsApplicationTests.xctest; sourceTree = BUILT_PRODUCTS_DIR; };
		09E4E268282BEC7400FBA86D /* SportsApplicationTests.swift */ = {isa = PBXFileReference; lastKnownFileType = sourcecode.swift; path = SportsApplicationTests.swift; sourceTree = "<group>"; };
		09E4E26A282BEC7400FBA86D /* Info.plist */ = {isa = PBXFileReference; lastKnownFileType = text.plist.xml; path = Info.plist; sourceTree = "<group>"; };
		09E57F9528369C920094599F /* CoreDataHandling.swift */ = {isa = PBXFileReference; lastKnownFileType = sourcecode.swift; path = CoreDataHandling.swift; sourceTree = "<group>"; };
		09E57F9728369CCF0094599F /* CoreDataHandlingProtocol.swift */ = {isa = PBXFileReference; lastKnownFileType = sourcecode.swift; path = CoreDataHandlingProtocol.swift; sourceTree = "<group>"; };
		09E57F9928369D1A0094599F /* CoreDataModel.swift */ = {isa = PBXFileReference; lastKnownFileType = sourcecode.swift; path = CoreDataModel.swift; sourceTree = "<group>"; };
		09E57F9B28369D680094599F /* LeaguesDetailsViewControllerProtocol.swift */ = {isa = PBXFileReference; lastKnownFileType = sourcecode.swift; path = LeaguesDetailsViewControllerProtocol.swift; sourceTree = "<group>"; };
		59F8D3717A0D2A85E4BB66B9 /* Pods-SportsApplicationTests.debug.xcconfig */ = {isa = PBXFileReference; includeInIndex = 1; lastKnownFileType = text.xcconfig; name = "Pods-SportsApplicationTests.debug.xcconfig"; path = "Target Support Files/Pods-SportsApplicationTests/Pods-SportsApplicationTests.debug.xcconfig"; sourceTree = "<group>"; };
		6FC8D74BF0542678A82DB163 /* Pods_SportsApplication.framework */ = {isa = PBXFileReference; explicitFileType = wrapper.framework; includeInIndex = 0; path = Pods_SportsApplication.framework; sourceTree = BUILT_PRODUCTS_DIR; };
		73DB1DBD59AA0197F476B4C3 /* Pods-SportsApplication.release.xcconfig */ = {isa = PBXFileReference; includeInIndex = 1; lastKnownFileType = text.xcconfig; name = "Pods-SportsApplication.release.xcconfig"; path = "Target Support Files/Pods-SportsApplication/Pods-SportsApplication.release.xcconfig"; sourceTree = "<group>"; };
		A003D12828313E98003E0563 /* LeaguesDetailsPresenter.swift */ = {isa = PBXFileReference; lastKnownFileType = sourcecode.swift; path = LeaguesDetailsPresenter.swift; sourceTree = "<group>"; };
		A003D12A28313EBD003E0563 /* LeaguesDetailsPresenterProtocol.swift */ = {isa = PBXFileReference; lastKnownFileType = sourcecode.swift; path = LeaguesDetailsPresenterProtocol.swift; sourceTree = "<group>"; };
		A003D12C2831698D003E0563 /* LeaguesDetailsViewController.swift */ = {isa = PBXFileReference; lastKnownFileType = sourcecode.swift; path = LeaguesDetailsViewController.swift; sourceTree = "<group>"; };
		A09DD42C282EA8D600B37333 /* LeaguesResponse.swift */ = {isa = PBXFileReference; lastKnownFileType = sourcecode.swift; path = LeaguesResponse.swift; sourceTree = "<group>"; };
		A09DD42E282EA90700B37333 /* League.swift */ = {isa = PBXFileReference; lastKnownFileType = sourcecode.swift; path = League.swift; sourceTree = "<group>"; };
		A0B52F04283599B200B79BC7 /* TeamsCollectionViewCell.swift */ = {isa = PBXFileReference; lastKnownFileType = sourcecode.swift; path = TeamsCollectionViewCell.swift; sourceTree = "<group>"; };
		A0CDE63228356E610077BF9F /* LatestEventsCollectionViewCell.swift */ = {isa = PBXFileReference; lastKnownFileType = sourcecode.swift; path = LatestEventsCollectionViewCell.swift; sourceTree = "<group>"; };
		A0CF1C87282C45A000E3D633 /* SportsPresenter.swift */ = {isa = PBXFileReference; lastKnownFileType = sourcecode.swift; path = SportsPresenter.swift; sourceTree = "<group>"; };
		A0CF1C8C282C52ED00E3D633 /* CollectionViewCell.swift */ = {isa = PBXFileReference; lastKnownFileType = sourcecode.swift; path = CollectionViewCell.swift; sourceTree = "<group>"; };
		A0D41C5228341FC9006DD1D5 /* EventsResponse.swift */ = {isa = PBXFileReference; lastKnownFileType = sourcecode.swift; path = EventsResponse.swift; sourceTree = "<group>"; };
		A0D41C5428341FD8006DD1D5 /* Event.swift */ = {isa = PBXFileReference; lastKnownFileType = sourcecode.swift; path = Event.swift; sourceTree = "<group>"; };
		A0D41C58283457FE006DD1D5 /* LeaguesDetailsCollectionViewCell.swift */ = {isa = PBXFileReference; lastKnownFileType = sourcecode.swift; path = LeaguesDetailsCollectionViewCell.swift; sourceTree = "<group>"; };
		DC027CF13B95ED6C7CD10E1B /* Pods_SportsApplicationTests.framework */ = {isa = PBXFileReference; explicitFileType = wrapper.framework; includeInIndex = 0; path = Pods_SportsApplicationTests.framework; sourceTree = BUILT_PRODUCTS_DIR; };
		E079B5A8AF1CFF0F9DE186D1 /* Pods-SportsApplication.debug.xcconfig */ = {isa = PBXFileReference; includeInIndex = 1; lastKnownFileType = text.xcconfig; name = "Pods-SportsApplication.debug.xcconfig"; path = "Target Support Files/Pods-SportsApplication/Pods-SportsApplication.debug.xcconfig"; sourceTree = "<group>"; };
		FCE4F032CD64F254F7F5AB08 /* Pods-SportsApplicationTests.release.xcconfig */ = {isa = PBXFileReference; includeInIndex = 1; lastKnownFileType = text.xcconfig; name = "Pods-SportsApplicationTests.release.xcconfig"; path = "Target Support Files/Pods-SportsApplicationTests/Pods-SportsApplicationTests.release.xcconfig"; sourceTree = "<group>"; };
/* End PBXFileReference section */

/* Begin PBXFrameworksBuildPhase section */
		09E4E248282BEC6300FBA86D /* Frameworks */ = {
			isa = PBXFrameworksBuildPhase;
			buildActionMask = 2147483647;
			files = (
				1EC8369D9A1A2F6ACAC64D4C /* Pods_SportsApplication.framework in Frameworks */,
			);
			runOnlyForDeploymentPostprocessing = 0;
		};
		09E4E261282BEC7400FBA86D /* Frameworks */ = {
			isa = PBXFrameworksBuildPhase;
			buildActionMask = 2147483647;
			files = (
				F7008F51460485BF7B36A942 /* Pods_SportsApplicationTests.framework in Frameworks */,
			);
			runOnlyForDeploymentPostprocessing = 0;
		};
/* End PBXFrameworksBuildPhase section */

/* Begin PBXGroup section */
		0912230E282EBA360040A84C /* Leagues */ = {
			isa = PBXGroup;
			children = (
				09122310282EBA510040A84C /* View */,
				0912230F282EBA450040A84C /* Presenter */,
			);
			path = Leagues;
			sourceTree = "<group>";
		};
		0912230F282EBA450040A84C /* Presenter */ = {
			isa = PBXGroup;
			children = (
				09122311282EBAAA0040A84C /* LeaguesPresenter.swift */,
				09122313282EBABB0040A84C /* LeaguesPresenterProtocol.swift */,
			);
			path = Presenter;
			sourceTree = "<group>";
		};
		09122310282EBA510040A84C /* View */ = {
			isa = PBXGroup;
			children = (
				09122315282EBC680040A84C /* LeaguesViewController.swift */,
				09122317282EBC840040A84C /* LeaguesViewControllerProtocol.swift */,
				09122319282EBCCF0040A84C /* LeaguesCollectionViewCell.swift */,
			);
			path = View;
			sourceTree = "<group>";
		};
		09C3FBE828398C9900FB1B87 /* Teams */ = {
			isa = PBXGroup;
			children = (
				09C3FBEA28398CCD00FB1B87 /* Presenter */,
				09C3FBE928398CC000FB1B87 /* View */,
			);
			path = Teams;
			sourceTree = "<group>";
		};
		09C3FBE928398CC000FB1B87 /* View */ = {
			isa = PBXGroup;
			children = (
				09C3FBEF28398DFF00FB1B87 /* TeamsViewController.swift */,
				09C3FBF128398EAA00FB1B87 /* TeamsViewControllerProtocol.swift */,
			);
			path = View;
			sourceTree = "<group>";
		};
		09C3FBEA28398CCD00FB1B87 /* Presenter */ = {
			isa = PBXGroup;
			children = (
				09C3FBEB28398D1200FB1B87 /* TeamsPresenter.swift */,
				09C3FBED28398D3F00FB1B87 /* TeamsPresenterProtocol.swift */,
			);
			path = Presenter;
			sourceTree = "<group>";
		};
		09D4B316282DB883002C53F7 /* Services */ = {
			isa = PBXGroup;
			children = (
				09E4E275282C2EE000FBA86D /* NetworkServices */,
				09E4E276282C2EEA00FBA86D /* CoreDataServices */,
			);
			path = Services;
			sourceTree = "<group>";
		};
		09E4E242282BEC6300FBA86D = {
			isa = PBXGroup;
			children = (
				09E4E24D282BEC6300FBA86D /* SportsApplication */,
				09E4E267282BEC7400FBA86D /* SportsApplicationTests */,
				09E4E24C282BEC6300FBA86D /* Products */,
				B32C95B2D4EEE97FDFAE5407 /* Frameworks */,
				E8E9029E91FEDA1E16F26891 /* Pods */,
			);
			sourceTree = "<group>";
		};
		09E4E24C282BEC6300FBA86D /* Products */ = {
			isa = PBXGroup;
			children = (
				09E4E24B282BEC6300FBA86D /* SportsApplication.app */,
				09E4E264282BEC7400FBA86D /* SportsApplicationTests.xctest */,
			);
			name = Products;
			sourceTree = "<group>";
		};
		09E4E24D282BEC6300FBA86D /* SportsApplication */ = {
			isa = PBXGroup;
			children = (
				09E4E278282C2F3A00FBA86D /* Module */,
				09E4E277282C2F0D00FBA86D /* View */,
				09E4E274282C2ECE00FBA86D /* Model */,
				09E4E24E282BEC6300FBA86D /* AppDelegate.swift */,
				09E4E250282BEC6300FBA86D /* SceneDelegate.swift */,
				09E4E25A282BEC7300FBA86D /* Assets.xcassets */,
				09E4E25F282BEC7400FBA86D /* Info.plist */,
				0906487A283BDE2D0092D997 /* DependencyProvider.swift */,
			);
			path = SportsApplication;
			sourceTree = "<group>";
		};
		09E4E267282BEC7400FBA86D /* SportsApplicationTests */ = {
			isa = PBXGroup;
			children = (
				092EC338282DED69000412B0 /* MockNetworkManager.swift */,
				092EC336282DECE9000412B0 /* MockingNetworkManagerTests.swift */,
				09B72FF3282DE81C00B86DE1 /* NetworkManagerTests.swift */,
				09E4E268282BEC7400FBA86D /* SportsApplicationTests.swift */,
				09E4E26A282BEC7400FBA86D /* Info.plist */,
			);
			path = SportsApplicationTests;
			sourceTree = "<group>";
		};
		09E4E274282C2ECE00FBA86D /* Model */ = {
			isa = PBXGroup;
			children = (
				09D4B316282DB883002C53F7 /* Services */,
				09B72FED282DD09200B86DE1 /* SportsResponse.swift */,
				09B72FEB282DD07B00B86DE1 /* Sport.swift */,
				A09DD42C282EA8D600B37333 /* LeaguesResponse.swift */,
				A09DD42E282EA90700B37333 /* League.swift */,
				097A9634282FEA9900843D41 /* NullResponse.swift */,
				0900015E2831B25A0004B722 /* Team.swift */,
				090001602831C2140004B722 /* TeamsResponse.swift */,
				A0D41C5228341FC9006DD1D5 /* EventsResponse.swift */,
				A0D41C5428341FD8006DD1D5 /* Event.swift */,
				09E57F9928369D1A0094599F /* CoreDataModel.swift */,
			);
			path = Model;
			sourceTree = "<group>";
		};
		09E4E275282C2EE000FBA86D /* NetworkServices */ = {
			isa = PBXGroup;
			children = (
				09B72FE7282DCFA900B86DE1 /* NetwokManager.swift */,
				09B72FE9282DCFBE00B86DE1 /* NetworkManagerProtocol.swift */,
			);
			name = NetworkServices;
			path = ../NetworkServices;
			sourceTree = "<group>";
		};
		09E4E276282C2EEA00FBA86D /* CoreDataServices */ = {
			isa = PBXGroup;
			children = (
				09E4E257282BEC6300FBA86D /* SportsApplication.xcdatamodeld */,
				09E57F9528369C920094599F /* CoreDataHandling.swift */,
				09E57F9728369CCF0094599F /* CoreDataHandlingProtocol.swift */,
			);
			path = CoreDataServices;
			sourceTree = "<group>";
		};
		09E4E277282C2F0D00FBA86D /* View */ = {
			isa = PBXGroup;
			children = (
				09E4E25C282BEC7400FBA86D /* LaunchScreen.storyboard */,
				09E4E254282BEC6300FBA86D /* Main.storyboard */,
			);
			path = View;
			sourceTree = "<group>";
		};
		09E4E278282C2F3A00FBA86D /* Module */ = {
			isa = PBXGroup;
			children = (
				09C3FBE828398C9900FB1B87 /* Teams */,
				A003D12528313DE9003E0563 /* LeaguesDetails */,
				0912230E282EBA360040A84C /* Leagues */,
				A0CF1C89282C48AE00E3D633 /* FavouriteLeagues */,
				A0CF1C84282C444B00E3D633 /* Sports */,
			);
			path = Module;
			sourceTree = "<group>";
		};
		A003D12528313DE9003E0563 /* LeaguesDetails */ = {
			isa = PBXGroup;
			children = (
				A003D12728313E26003E0563 /* Presenter */,
				A003D12628313E1D003E0563 /* View */,
			);
			path = LeaguesDetails;
			sourceTree = "<group>";
		};
		A003D12628313E1D003E0563 /* View */ = {
			isa = PBXGroup;
			children = (
				A003D12C2831698D003E0563 /* LeaguesDetailsViewController.swift */,
				A0D41C58283457FE006DD1D5 /* LeaguesDetailsCollectionViewCell.swift */,
				A0CDE63228356E610077BF9F /* LatestEventsCollectionViewCell.swift */,
				A0B52F04283599B200B79BC7 /* TeamsCollectionViewCell.swift */,
				09E57F9B28369D680094599F /* LeaguesDetailsViewControllerProtocol.swift */,
			);
			path = View;
			sourceTree = "<group>";
		};
		A003D12728313E26003E0563 /* Presenter */ = {
			isa = PBXGroup;
			children = (
				A003D12828313E98003E0563 /* LeaguesDetailsPresenter.swift */,
				A003D12A28313EBD003E0563 /* LeaguesDetailsPresenterProtocol.swift */,
			);
			path = Presenter;
			sourceTree = "<group>";
		};
		A0CF1C84282C444B00E3D633 /* Sports */ = {
			isa = PBXGroup;
			children = (
				A0CF1C86282C454700E3D633 /* Presenter */,
				A0CF1C85282C452E00E3D633 /* View */,
			);
			path = Sports;
			sourceTree = "<group>";
		};
		A0CF1C85282C452E00E3D633 /* View */ = {
			isa = PBXGroup;
			children = (
				09E4E252282BEC6300FBA86D /* SportsViewController.swift */,
				A0CF1C8C282C52ED00E3D633 /* CollectionViewCell.swift */,
				09B72FEF282DD3F300B86DE1 /* SportsViewControllerProtocol.swift */,
			);
			path = View;
			sourceTree = "<group>";
		};
		A0CF1C86282C454700E3D633 /* Presenter */ = {
			isa = PBXGroup;
			children = (
				A0CF1C87282C45A000E3D633 /* SportsPresenter.swift */,
				09B72FF1282DD40C00B86DE1 /* SportsPresenterProtocol.swift */,
			);
			path = Presenter;
			sourceTree = "<group>";
		};
		A0CF1C89282C48AE00E3D633 /* FavouriteLeagues */ = {
			isa = PBXGroup;
			children = (
				A0CF1C8B282C48D100E3D633 /* View */,
				A0CF1C8A282C48C000E3D633 /* Presenter */,
			);
			path = FavouriteLeagues;
			sourceTree = "<group>";
		};
		A0CF1C8A282C48C000E3D633 /* Presenter */ = {
			isa = PBXGroup;
			children = (
			);
			path = Presenter;
			sourceTree = "<group>";
		};
		A0CF1C8B282C48D100E3D633 /* View */ = {
			isa = PBXGroup;
			children = (
			);
			path = View;
			sourceTree = "<group>";
		};
		B32C95B2D4EEE97FDFAE5407 /* Frameworks */ = {
			isa = PBXGroup;
			children = (
				6FC8D74BF0542678A82DB163 /* Pods_SportsApplication.framework */,
				DC027CF13B95ED6C7CD10E1B /* Pods_SportsApplicationTests.framework */,
			);
			name = Frameworks;
			sourceTree = "<group>";
		};
		E8E9029E91FEDA1E16F26891 /* Pods */ = {
			isa = PBXGroup;
			children = (
				E079B5A8AF1CFF0F9DE186D1 /* Pods-SportsApplication.debug.xcconfig */,
				73DB1DBD59AA0197F476B4C3 /* Pods-SportsApplication.release.xcconfig */,
				59F8D3717A0D2A85E4BB66B9 /* Pods-SportsApplicationTests.debug.xcconfig */,
				FCE4F032CD64F254F7F5AB08 /* Pods-SportsApplicationTests.release.xcconfig */,
			);
			path = Pods;
			sourceTree = "<group>";
		};
/* End PBXGroup section */

/* Begin PBXNativeTarget section */
		09E4E24A282BEC6300FBA86D /* SportsApplication */ = {
			isa = PBXNativeTarget;
			buildConfigurationList = 09E4E26D282BEC7400FBA86D /* Build configuration list for PBXNativeTarget "SportsApplication" */;
			buildPhases = (
				66A29AFF4F4CD91F9C101D40 /* [CP] Check Pods Manifest.lock */,
				09E4E247282BEC6300FBA86D /* Sources */,
				09E4E248282BEC6300FBA86D /* Frameworks */,
				09E4E249282BEC6300FBA86D /* Resources */,
				80F3EB74A16418A4B4C549AB /* [CP] Embed Pods Frameworks */,
			);
			buildRules = (
			);
			dependencies = (
			);
			name = SportsApplication;
			productName = SportsApplication;
			productReference = 09E4E24B282BEC6300FBA86D /* SportsApplication.app */;
			productType = "com.apple.product-type.application";
		};
		09E4E263282BEC7400FBA86D /* SportsApplicationTests */ = {
			isa = PBXNativeTarget;
			buildConfigurationList = 09E4E270282BEC7400FBA86D /* Build configuration list for PBXNativeTarget "SportsApplicationTests" */;
			buildPhases = (
				1C46D51579AA589F3ED8EA3B /* [CP] Check Pods Manifest.lock */,
				09E4E260282BEC7400FBA86D /* Sources */,
				09E4E261282BEC7400FBA86D /* Frameworks */,
				09E4E262282BEC7400FBA86D /* Resources */,
			);
			buildRules = (
			);
			dependencies = (
				09E4E266282BEC7400FBA86D /* PBXTargetDependency */,
			);
			name = SportsApplicationTests;
			productName = SportsApplicationTests;
			productReference = 09E4E264282BEC7400FBA86D /* SportsApplicationTests.xctest */;
			productType = "com.apple.product-type.bundle.unit-test";
		};
/* End PBXNativeTarget section */

/* Begin PBXProject section */
		09E4E243282BEC6300FBA86D /* Project object */ = {
			isa = PBXProject;
			attributes = {
				LastSwiftUpdateCheck = 1100;
				LastUpgradeCheck = 1100;
				ORGANIZATIONNAME = iti;
				TargetAttributes = {
					09E4E24A282BEC6300FBA86D = {
						CreatedOnToolsVersion = 11.0;
					};
					09E4E263282BEC7400FBA86D = {
						CreatedOnToolsVersion = 11.0;
						TestTargetID = 09E4E24A282BEC6300FBA86D;
					};
				};
			};
			buildConfigurationList = 09E4E246282BEC6300FBA86D /* Build configuration list for PBXProject "SportsApplication" */;
			compatibilityVersion = "Xcode 9.3";
			developmentRegion = en;
			hasScannedForEncodings = 0;
			knownRegions = (
				en,
				Base,
			);
			mainGroup = 09E4E242282BEC6300FBA86D;
			productRefGroup = 09E4E24C282BEC6300FBA86D /* Products */;
			projectDirPath = "";
			projectRoot = "";
			targets = (
				09E4E24A282BEC6300FBA86D /* SportsApplication */,
				09E4E263282BEC7400FBA86D /* SportsApplicationTests */,
			);
		};
/* End PBXProject section */

/* Begin PBXResourcesBuildPhase section */
		09E4E249282BEC6300FBA86D /* Resources */ = {
			isa = PBXResourcesBuildPhase;
			buildActionMask = 2147483647;
			files = (
				09E4E25E282BEC7400FBA86D /* LaunchScreen.storyboard in Resources */,
				09E4E25B282BEC7300FBA86D /* Assets.xcassets in Resources */,
				09E4E256282BEC6300FBA86D /* Main.storyboard in Resources */,
			);
			runOnlyForDeploymentPostprocessing = 0;
		};
		09E4E262282BEC7400FBA86D /* Resources */ = {
			isa = PBXResourcesBuildPhase;
			buildActionMask = 2147483647;
			files = (
			);
			runOnlyForDeploymentPostprocessing = 0;
		};
/* End PBXResourcesBuildPhase section */

/* Begin PBXShellScriptBuildPhase section */
		1C46D51579AA589F3ED8EA3B /* [CP] Check Pods Manifest.lock */ = {
			isa = PBXShellScriptBuildPhase;
			buildActionMask = 2147483647;
			files = (
			);
			inputFileListPaths = (
			);
			inputPaths = (
				"${PODS_PODFILE_DIR_PATH}/Podfile.lock",
				"${PODS_ROOT}/Manifest.lock",
			);
			name = "[CP] Check Pods Manifest.lock";
			outputFileListPaths = (
			);
			outputPaths = (
				"$(DERIVED_FILE_DIR)/Pods-SportsApplicationTests-checkManifestLockResult.txt",
			);
			runOnlyForDeploymentPostprocessing = 0;
			shellPath = /bin/sh;
			shellScript = "diff \"${PODS_PODFILE_DIR_PATH}/Podfile.lock\" \"${PODS_ROOT}/Manifest.lock\" > /dev/null\nif [ $? != 0 ] ; then\n    # print error to STDERR\n    echo \"error: The sandbox is not in sync with the Podfile.lock. Run 'pod install' or update your CocoaPods installation.\" >&2\n    exit 1\nfi\n# This output is used by Xcode 'outputs' to avoid re-running this script phase.\necho \"SUCCESS\" > \"${SCRIPT_OUTPUT_FILE_0}\"\n";
			showEnvVarsInLog = 0;
		};
		66A29AFF4F4CD91F9C101D40 /* [CP] Check Pods Manifest.lock */ = {
			isa = PBXShellScriptBuildPhase;
			buildActionMask = 2147483647;
			files = (
			);
			inputFileListPaths = (
			);
			inputPaths = (
				"${PODS_PODFILE_DIR_PATH}/Podfile.lock",
				"${PODS_ROOT}/Manifest.lock",
			);
			name = "[CP] Check Pods Manifest.lock";
			outputFileListPaths = (
			);
			outputPaths = (
				"$(DERIVED_FILE_DIR)/Pods-SportsApplication-checkManifestLockResult.txt",
			);
			runOnlyForDeploymentPostprocessing = 0;
			shellPath = /bin/sh;
			shellScript = "diff \"${PODS_PODFILE_DIR_PATH}/Podfile.lock\" \"${PODS_ROOT}/Manifest.lock\" > /dev/null\nif [ $? != 0 ] ; then\n    # print error to STDERR\n    echo \"error: The sandbox is not in sync with the Podfile.lock. Run 'pod install' or update your CocoaPods installation.\" >&2\n    exit 1\nfi\n# This output is used by Xcode 'outputs' to avoid re-running this script phase.\necho \"SUCCESS\" > \"${SCRIPT_OUTPUT_FILE_0}\"\n";
			showEnvVarsInLog = 0;
		};
		80F3EB74A16418A4B4C549AB /* [CP] Embed Pods Frameworks */ = {
			isa = PBXShellScriptBuildPhase;
			buildActionMask = 2147483647;
			files = (
			);
			inputFileListPaths = (
				"${PODS_ROOT}/Target Support Files/Pods-SportsApplication/Pods-SportsApplication-frameworks-${CONFIGURATION}-input-files.xcfilelist",
			);
			name = "[CP] Embed Pods Frameworks";
			outputFileListPaths = (
				"${PODS_ROOT}/Target Support Files/Pods-SportsApplication/Pods-SportsApplication-frameworks-${CONFIGURATION}-output-files.xcfilelist",
			);
			runOnlyForDeploymentPostprocessing = 0;
			shellPath = /bin/sh;
			shellScript = "\"${PODS_ROOT}/Target Support Files/Pods-SportsApplication/Pods-SportsApplication-frameworks.sh\"\n";
			showEnvVarsInLog = 0;
		};
/* End PBXShellScriptBuildPhase section */

/* Begin PBXSourcesBuildPhase section */
		09E4E247282BEC6300FBA86D /* Sources */ = {
			isa = PBXSourcesBuildPhase;
			buildActionMask = 2147483647;
			files = (
				A003D12B28313EBD003E0563 /* LeaguesDetailsPresenterProtocol.swift in Sources */,
				A003D12928313E98003E0563 /* LeaguesDetailsPresenter.swift in Sources */,
				A0CF1C88282C45A000E3D633 /* SportsPresenter.swift in Sources */,
				09E57F9628369C920094599F /* CoreDataHandling.swift in Sources */,
				0912231A282EBCCF0040A84C /* LeaguesCollectionViewCell.swift in Sources */,
				09B72FEE282DD09200B86DE1 /* SportsResponse.swift in Sources */,
				A0D41C5328341FC9006DD1D5 /* EventsResponse.swift in Sources */,
				0900015F2831B25A0004B722 /* Team.swift in Sources */,
				A0D41C5528341FD8006DD1D5 /* Event.swift in Sources */,
				09B72FEC282DD07B00B86DE1 /* Sport.swift in Sources */,
				09E4E253282BEC6300FBA86D /* SportsViewController.swift in Sources */,
				A0CDE63328356E610077BF9F /* LatestEventsCollectionViewCell.swift in Sources */,
				A0D41C59283457FE006DD1D5 /* LeaguesDetailsCollectionViewCell.swift in Sources */,
				A003D12D2831698D003E0563 /* LeaguesDetailsViewController.swift in Sources */,
				09C3FBEE28398D3F00FB1B87 /* TeamsPresenterProtocol.swift in Sources */,
				A0CF1C8D282C52ED00E3D633 /* CollectionViewCell.swift in Sources */,
				09B72FF2282DD40C00B86DE1 /* SportsPresenterProtocol.swift in Sources */,
				A09DD42F282EA90700B37333 /* League.swift in Sources */,
				09E57F9A28369D1A0094599F /* CoreDataModel.swift in Sources */,
				09B72FE8282DCFA900B86DE1 /* NetwokManager.swift in Sources */,
				09E57F9C28369D680094599F /* LeaguesDetailsViewControllerProtocol.swift in Sources */,
				09122316282EBC680040A84C /* LeaguesViewController.swift in Sources */,
				09C3FBF228398EAB00FB1B87 /* TeamsViewControllerProtocol.swift in Sources */,
				09E4E259282BEC6300FBA86D /* SportsApplication.xcdatamodeld in Sources */,
				0906487B283BDE2D0092D997 /* DependencyProvider.swift in Sources */,
				09122312282EBAAA0040A84C /* LeaguesPresenter.swift in Sources */,
				097A9635282FEA9900843D41 /* NullResponse.swift in Sources */,
				09B72FF0282DD3F300B86DE1 /* SportsViewControllerProtocol.swift in Sources */,
				090001612831C2140004B722 /* TeamsResponse.swift in Sources */,
				09C3FBF028398DFF00FB1B87 /* TeamsViewController.swift in Sources */,
				09E4E24F282BEC6300FBA86D /* AppDelegate.swift in Sources */,
				A0B52F05283599B200B79BC7 /* TeamsCollectionViewCell.swift in Sources */,
				A09DD42D282EA8D600B37333 /* LeaguesResponse.swift in Sources */,
				09E57F9828369CCF0094599F /* CoreDataHandlingProtocol.swift in Sources */,
				09122318282EBC840040A84C /* LeaguesViewControllerProtocol.swift in Sources */,
				09B72FEA282DCFBE00B86DE1 /* NetworkManagerProtocol.swift in Sources */,
				09C3FBEC28398D1200FB1B87 /* TeamsPresenter.swift in Sources */,
				09E4E251282BEC6300FBA86D /* SceneDelegate.swift in Sources */,
				09122314282EBABB0040A84C /* LeaguesPresenterProtocol.swift in Sources */,
			);
			runOnlyForDeploymentPostprocessing = 0;
		};
		09E4E260282BEC7400FBA86D /* Sources */ = {
			isa = PBXSourcesBuildPhase;
			buildActionMask = 2147483647;
			files = (
				09B72FF4282DE81C00B86DE1 /* NetworkManagerTests.swift in Sources */,
				092EC337282DECE9000412B0 /* MockingNetworkManagerTests.swift in Sources */,
				092EC339282DED69000412B0 /* MockNetworkManager.swift in Sources */,
				09E4E269282BEC7400FBA86D /* SportsApplicationTests.swift in Sources */,
			);
			runOnlyForDeploymentPostprocessing = 0;
		};
/* End PBXSourcesBuildPhase section */

/* Begin PBXTargetDependency section */
		09E4E266282BEC7400FBA86D /* PBXTargetDependency */ = {
			isa = PBXTargetDependency;
			target = 09E4E24A282BEC6300FBA86D /* SportsApplication */;
			targetProxy = 09E4E265282BEC7400FBA86D /* PBXContainerItemProxy */;
		};
/* End PBXTargetDependency section */

/* Begin PBXVariantGroup section */
		09E4E254282BEC6300FBA86D /* Main.storyboard */ = {
			isa = PBXVariantGroup;
			children = (
				09E4E255282BEC6300FBA86D /* Base */,
			);
			name = Main.storyboard;
			sourceTree = "<group>";
		};
		09E4E25C282BEC7400FBA86D /* LaunchScreen.storyboard */ = {
			isa = PBXVariantGroup;
			children = (
				09E4E25D282BEC7400FBA86D /* Base */,
			);
			name = LaunchScreen.storyboard;
			sourceTree = "<group>";
		};
/* End PBXVariantGroup section */

/* Begin XCBuildConfiguration section */
		09E4E26B282BEC7400FBA86D /* Debug */ = {
			isa = XCBuildConfiguration;
			buildSettings = {
				ALWAYS_SEARCH_USER_PATHS = NO;
				CLANG_ANALYZER_NONNULL = YES;
				CLANG_ANALYZER_NUMBER_OBJECT_CONVERSION = YES_AGGRESSIVE;
				CLANG_CXX_LANGUAGE_STANDARD = "gnu++14";
				CLANG_CXX_LIBRARY = "libc++";
				CLANG_ENABLE_MODULES = YES;
				CLANG_ENABLE_OBJC_ARC = YES;
				CLANG_ENABLE_OBJC_WEAK = YES;
				CLANG_WARN_BLOCK_CAPTURE_AUTORELEASING = YES;
				CLANG_WARN_BOOL_CONVERSION = YES;
				CLANG_WARN_COMMA = YES;
				CLANG_WARN_CONSTANT_CONVERSION = YES;
				CLANG_WARN_DEPRECATED_OBJC_IMPLEMENTATIONS = YES;
				CLANG_WARN_DIRECT_OBJC_ISA_USAGE = YES_ERROR;
				CLANG_WARN_DOCUMENTATION_COMMENTS = YES;
				CLANG_WARN_EMPTY_BODY = YES;
				CLANG_WARN_ENUM_CONVERSION = YES;
				CLANG_WARN_INFINITE_RECURSION = YES;
				CLANG_WARN_INT_CONVERSION = YES;
				CLANG_WARN_NON_LITERAL_NULL_CONVERSION = YES;
				CLANG_WARN_OBJC_IMPLICIT_RETAIN_SELF = YES;
				CLANG_WARN_OBJC_LITERAL_CONVERSION = YES;
				CLANG_WARN_OBJC_ROOT_CLASS = YES_ERROR;
				CLANG_WARN_RANGE_LOOP_ANALYSIS = YES;
				CLANG_WARN_STRICT_PROTOTYPES = YES;
				CLANG_WARN_SUSPICIOUS_MOVE = YES;
				CLANG_WARN_UNGUARDED_AVAILABILITY = YES_AGGRESSIVE;
				CLANG_WARN_UNREACHABLE_CODE = YES;
				CLANG_WARN__DUPLICATE_METHOD_MATCH = YES;
				COPY_PHASE_STRIP = NO;
				DEBUG_INFORMATION_FORMAT = dwarf;
				ENABLE_STRICT_OBJC_MSGSEND = YES;
				ENABLE_TESTABILITY = YES;
				GCC_C_LANGUAGE_STANDARD = gnu11;
				GCC_DYNAMIC_NO_PIC = NO;
				GCC_NO_COMMON_BLOCKS = YES;
				GCC_OPTIMIZATION_LEVEL = 0;
				GCC_PREPROCESSOR_DEFINITIONS = (
					"DEBUG=1",
					"$(inherited)",
				);
				GCC_WARN_64_TO_32_BIT_CONVERSION = YES;
				GCC_WARN_ABOUT_RETURN_TYPE = YES_ERROR;
				GCC_WARN_UNDECLARED_SELECTOR = YES;
				GCC_WARN_UNINITIALIZED_AUTOS = YES_AGGRESSIVE;
				GCC_WARN_UNUSED_FUNCTION = YES;
				GCC_WARN_UNUSED_VARIABLE = YES;
				IPHONEOS_DEPLOYMENT_TARGET = 13.0;
				MTL_ENABLE_DEBUG_INFO = INCLUDE_SOURCE;
				MTL_FAST_MATH = YES;
				ONLY_ACTIVE_ARCH = YES;
				SDKROOT = iphoneos;
				SWIFT_ACTIVE_COMPILATION_CONDITIONS = DEBUG;
				SWIFT_OPTIMIZATION_LEVEL = "-Onone";
			};
			name = Debug;
		};
		09E4E26C282BEC7400FBA86D /* Release */ = {
			isa = XCBuildConfiguration;
			buildSettings = {
				ALWAYS_SEARCH_USER_PATHS = NO;
				CLANG_ANALYZER_NONNULL = YES;
				CLANG_ANALYZER_NUMBER_OBJECT_CONVERSION = YES_AGGRESSIVE;
				CLANG_CXX_LANGUAGE_STANDARD = "gnu++14";
				CLANG_CXX_LIBRARY = "libc++";
				CLANG_ENABLE_MODULES = YES;
				CLANG_ENABLE_OBJC_ARC = YES;
				CLANG_ENABLE_OBJC_WEAK = YES;
				CLANG_WARN_BLOCK_CAPTURE_AUTORELEASING = YES;
				CLANG_WARN_BOOL_CONVERSION = YES;
				CLANG_WARN_COMMA = YES;
				CLANG_WARN_CONSTANT_CONVERSION = YES;
				CLANG_WARN_DEPRECATED_OBJC_IMPLEMENTATIONS = YES;
				CLANG_WARN_DIRECT_OBJC_ISA_USAGE = YES_ERROR;
				CLANG_WARN_DOCUMENTATION_COMMENTS = YES;
				CLANG_WARN_EMPTY_BODY = YES;
				CLANG_WARN_ENUM_CONVERSION = YES;
				CLANG_WARN_INFINITE_RECURSION = YES;
				CLANG_WARN_INT_CONVERSION = YES;
				CLANG_WARN_NON_LITERAL_NULL_CONVERSION = YES;
				CLANG_WARN_OBJC_IMPLICIT_RETAIN_SELF = YES;
				CLANG_WARN_OBJC_LITERAL_CONVERSION = YES;
				CLANG_WARN_OBJC_ROOT_CLASS = YES_ERROR;
				CLANG_WARN_RANGE_LOOP_ANALYSIS = YES;
				CLANG_WARN_STRICT_PROTOTYPES = YES;
				CLANG_WARN_SUSPICIOUS_MOVE = YES;
				CLANG_WARN_UNGUARDED_AVAILABILITY = YES_AGGRESSIVE;
				CLANG_WARN_UNREACHABLE_CODE = YES;
				CLANG_WARN__DUPLICATE_METHOD_MATCH = YES;
				COPY_PHASE_STRIP = NO;
				DEBUG_INFORMATION_FORMAT = "dwarf-with-dsym";
				ENABLE_NS_ASSERTIONS = NO;
				ENABLE_STRICT_OBJC_MSGSEND = YES;
				GCC_C_LANGUAGE_STANDARD = gnu11;
				GCC_NO_COMMON_BLOCKS = YES;
				GCC_WARN_64_TO_32_BIT_CONVERSION = YES;
				GCC_WARN_ABOUT_RETURN_TYPE = YES_ERROR;
				GCC_WARN_UNDECLARED_SELECTOR = YES;
				GCC_WARN_UNINITIALIZED_AUTOS = YES_AGGRESSIVE;
				GCC_WARN_UNUSED_FUNCTION = YES;
				GCC_WARN_UNUSED_VARIABLE = YES;
				IPHONEOS_DEPLOYMENT_TARGET = 13.0;
				MTL_ENABLE_DEBUG_INFO = NO;
				MTL_FAST_MATH = YES;
				SDKROOT = iphoneos;
				SWIFT_COMPILATION_MODE = wholemodule;
				SWIFT_OPTIMIZATION_LEVEL = "-O";
				VALIDATE_PRODUCT = YES;
			};
			name = Release;
		};
		09E4E26E282BEC7400FBA86D /* Debug */ = {
			isa = XCBuildConfiguration;
			baseConfigurationReference = E079B5A8AF1CFF0F9DE186D1 /* Pods-SportsApplication.debug.xcconfig */;
			buildSettings = {
				ASSETCATALOG_COMPILER_APPICON_NAME = AppIcon;
				CODE_SIGN_STYLE = Automatic;
				INFOPLIST_FILE = SportsApplication/Info.plist;
				LD_RUNPATH_SEARCH_PATHS = (
					"$(inherited)",
					"@executable_path/Frameworks",
				);
				PRODUCT_BUNDLE_IDENTIFIER = EsraaLotfy.SportsApplication;
				PRODUCT_NAME = "$(TARGET_NAME)";
				SWIFT_VERSION = 5.0;
				TARGETED_DEVICE_FAMILY = "1,2";
			};
			name = Debug;
		};
		09E4E26F282BEC7400FBA86D /* Release */ = {
			isa = XCBuildConfiguration;
			baseConfigurationReference = 73DB1DBD59AA0197F476B4C3 /* Pods-SportsApplication.release.xcconfig */;
			buildSettings = {
				ASSETCATALOG_COMPILER_APPICON_NAME = AppIcon;
				CODE_SIGN_STYLE = Automatic;
				INFOPLIST_FILE = SportsApplication/Info.plist;
				LD_RUNPATH_SEARCH_PATHS = (
					"$(inherited)",
					"@executable_path/Frameworks",
				);
				PRODUCT_BUNDLE_IDENTIFIER = EsraaLotfy.SportsApplication;
				PRODUCT_NAME = "$(TARGET_NAME)";
				SWIFT_VERSION = 5.0;
				TARGETED_DEVICE_FAMILY = "1,2";
			};
			name = Release;
		};
		09E4E271282BEC7400FBA86D /* Debug */ = {
			isa = XCBuildConfiguration;
			baseConfigurationReference = 59F8D3717A0D2A85E4BB66B9 /* Pods-SportsApplicationTests.debug.xcconfig */;
			buildSettings = {
				ALWAYS_EMBED_SWIFT_STANDARD_LIBRARIES = YES;
				BUNDLE_LOADER = "$(TEST_HOST)";
				CODE_SIGN_STYLE = Automatic;
				INFOPLIST_FILE = SportsApplicationTests/Info.plist;
				IPHONEOS_DEPLOYMENT_TARGET = 13.0;
				LD_RUNPATH_SEARCH_PATHS = (
					"$(inherited)",
					"@executable_path/Frameworks",
					"@loader_path/Frameworks",
				);
				PRODUCT_BUNDLE_IDENTIFIER = EsraaLotfy.SportsApplicationTests;
				PRODUCT_NAME = "$(TARGET_NAME)";
				SWIFT_VERSION = 5.0;
				TARGETED_DEVICE_FAMILY = "1,2";
				TEST_HOST = "$(BUILT_PRODUCTS_DIR)/SportsApplication.app/SportsApplication";
			};
			name = Debug;
		};
		09E4E272282BEC7400FBA86D /* Release */ = {
			isa = XCBuildConfiguration;
			baseConfigurationReference = FCE4F032CD64F254F7F5AB08 /* Pods-SportsApplicationTests.release.xcconfig */;
			buildSettings = {
				ALWAYS_EMBED_SWIFT_STANDARD_LIBRARIES = YES;
				BUNDLE_LOADER = "$(TEST_HOST)";
				CODE_SIGN_STYLE = Automatic;
				INFOPLIST_FILE = SportsApplicationTests/Info.plist;
				IPHONEOS_DEPLOYMENT_TARGET = 13.0;
				LD_RUNPATH_SEARCH_PATHS = (
					"$(inherited)",
					"@executable_path/Frameworks",
					"@loader_path/Frameworks",
				);
				PRODUCT_BUNDLE_IDENTIFIER = EsraaLotfy.SportsApplicationTests;
				PRODUCT_NAME = "$(TARGET_NAME)";
				SWIFT_VERSION = 5.0;
				TARGETED_DEVICE_FAMILY = "1,2";
				TEST_HOST = "$(BUILT_PRODUCTS_DIR)/SportsApplication.app/SportsApplication";
			};
			name = Release;
		};
/* End XCBuildConfiguration section */

/* Begin XCConfigurationList section */
		09E4E246282BEC6300FBA86D /* Build configuration list for PBXProject "SportsApplication" */ = {
			isa = XCConfigurationList;
			buildConfigurations = (
				09E4E26B282BEC7400FBA86D /* Debug */,
				09E4E26C282BEC7400FBA86D /* Release */,
			);
			defaultConfigurationIsVisible = 0;
			defaultConfigurationName = Release;
		};
		09E4E26D282BEC7400FBA86D /* Build configuration list for PBXNativeTarget "SportsApplication" */ = {
			isa = XCConfigurationList;
			buildConfigurations = (
				09E4E26E282BEC7400FBA86D /* Debug */,
				09E4E26F282BEC7400FBA86D /* Release */,
			);
			defaultConfigurationIsVisible = 0;
			defaultConfigurationName = Release;
		};
		09E4E270282BEC7400FBA86D /* Build configuration list for PBXNativeTarget "SportsApplicationTests" */ = {
			isa = XCConfigurationList;
			buildConfigurations = (
				09E4E271282BEC7400FBA86D /* Debug */,
				09E4E272282BEC7400FBA86D /* Release */,
			);
			defaultConfigurationIsVisible = 0;
			defaultConfigurationName = Release;
		};
/* End XCConfigurationList section */

/* Begin XCVersionGroup section */
		09E4E257282BEC6300FBA86D /* SportsApplication.xcdatamodeld */ = {
			isa = XCVersionGroup;
			children = (
				09E4E258282BEC6300FBA86D /* SportsApplication.xcdatamodel */,
			);
			currentVersion = 09E4E258282BEC6300FBA86D /* SportsApplication.xcdatamodel */;
			path = SportsApplication.xcdatamodeld;
			sourceTree = "<group>";
			versionGroupType = wrapper.xcdatamodel;
		};
/* End XCVersionGroup section */
	};
	rootObject = 09E4E243282BEC6300FBA86D /* Project object */;
}
